
Microsoft Visual Studio Solution File, Format Version 12.00
# Visual Studio Version 16
VisualStudioVersion = 16.0.29806.167
MinimumVisualStudioVersion = 10.0.40219.1
Project("{FAE04EC0-301F-11D3-BF4B-00C04F79EFBC}") = "CircusTreinUnitTests", "CircusTreinUnitTests.csproj", "{DE9512A6-B58E-4005-B340-61C1E879E6B3}"
EndProject
Project("{9A19103F-16F7-4668-BE54-9A1E7A4F7556}") = "Library", "..\ClassLibrary\Library.csproj", "{FE413E58-F707-4D32-AE55-6DB5C65AF117}"
EndProject
Project("{FAE04EC0-301F-11D3-BF4B-00C04F79EFBC}") = "Console", "..\Console\Console.csproj", "{B93B670C-D2D9-431D-A677-D00D696BD1EE}"
EndProject
Global
	GlobalSection(SolutionConfigurationPlatforms) = preSolution
		Debug|Any CPU = Debug|Any CPU
		Release|Any CPU = Release|Any CPU
	EndGlobalSection
	GlobalSection(ProjectConfigurationPlatforms) = postSolution
		{DE9512A6-B58E-4005-B340-61C1E879E6B3}.Debug|Any CPU.ActiveCfg = Debug|Any CPU
		{DE9512A6-B58E-4005-B340-61C1E879E6B3}.Debug|Any CPU.Build.0 = Debug|Any CPU
		{DE9512A6-B58E-4005-B340-61C1E879E6B3}.Release|Any CPU.ActiveCfg = Release|Any CPU
		{DE9512A6-B58E-4005-B340-61C1E879E6B3}.Release|Any CPU.Build.0 = Release|Any CPU
		{FE413E58-F707-4D32-AE55-6DB5C65AF117}.Debug|Any CPU.ActiveCfg = Debug|Any CPU
		{FE413E58-F707-4D32-AE55-6DB5C65AF117}.Debug|Any CPU.Build.0 = Debug|Any CPU
		{FE413E58-F707-4D32-AE55-6DB5C65AF117}.Release|Any CPU.ActiveCfg = Release|Any CPU
		{FE413E58-F707-4D32-AE55-6DB5C65AF117}.Release|Any CPU.Build.0 = Release|Any CPU
		{B93B670C-D2D9-431D-A677-D00D696BD1EE}.Debug|Any CPU.ActiveCfg = Debug|Any CPU
		{B93B670C-D2D9-431D-A677-D00D696BD1EE}.Debug|Any CPU.Build.0 = Debug|Any CPU
		{B93B670C-D2D9-431D-A677-D00D696BD1EE}.Release|Any CPU.ActiveCfg = Release|Any CPU
		{B93B670C-D2D9-431D-A677-D00D696BD1EE}.Release|Any CPU.Build.0 = Release|Any CPU
	EndGlobalSection
	GlobalSection(SolutionProperties) = preSolution
		HideSolutionNode = FALSE
	EndGlobalSection
	GlobalSection(ExtensibilityGlobals) = postSolution
		SolutionGuid = {3BA50D0A-596A-4069-9EE7-63C95DBF4693}
	EndGlobalSection
EndGlobal
